// !$*UTF8*$!
{
	archiveVersion = 1;
	classes = {
	};
	objectVersion = 51;
	objects = {

/* Begin PBXBuildFile section */
		5D015B3C272A58DB0066C2BA /* GoogleService-Info.plist in Resources */ = {isa = PBXBuildFile; fileRef = 5D015B3B272A58DB0066C2BA /* GoogleService-Info.plist */; };
		5D015B3F272A5A9E0066C2BA /* AuthenticationViewModel.swift in Sources */ = {isa = PBXBuildFile; fileRef = 5D015B3E272A5A9E0066C2BA /* AuthenticationViewModel.swift */; };
		5D597EA7270BEB43004A28C0 /* NavBarViewRouter.swift in Sources */ = {isa = PBXBuildFile; fileRef = 5D597EA6270BEB43004A28C0 /* NavBarViewRouter.swift */; };
		5D597EAA270BEE5F004A28C0 /* RootView.swift in Sources */ = {isa = PBXBuildFile; fileRef = 5D597EA9270BEE5F004A28C0 /* RootView.swift */; };
		5DF5A711270102C7004BBEEA /* WeShoppinApp.swift in Sources */ = {isa = PBXBuildFile; fileRef = 5DF5A710270102C7004BBEEA /* WeShoppinApp.swift */; };
		5DF5A715270102CA004BBEEA /* Assets.xcassets in Resources */ = {isa = PBXBuildFile; fileRef = 5DF5A714270102CA004BBEEA /* Assets.xcassets */; };
		5DF5A718270102CA004BBEEA /* Preview Assets.xcassets in Resources */ = {isa = PBXBuildFile; fileRef = 5DF5A717270102CA004BBEEA /* Preview Assets.xcassets */; };
		5DF5A72227010354004BBEEA /* LoginView.swift in Sources */ = {isa = PBXBuildFile; fileRef = 5DF5A72127010354004BBEEA /* LoginView.swift */; };
		5DF5A725270103AB004BBEEA /* HomeScreenView.swift in Sources */ = {isa = PBXBuildFile; fileRef = 5DF5A724270103AB004BBEEA /* HomeScreenView.swift */; };
		5DF5A728270103ED004BBEEA /* LiveStreamView.swift in Sources */ = {isa = PBXBuildFile; fileRef = 5DF5A727270103ED004BBEEA /* LiveStreamView.swift */; };
		5DF5A72B2701054B004BBEEA /* CreateAccountView.swift in Sources */ = {isa = PBXBuildFile; fileRef = 5DF5A72A2701054B004BBEEA /* CreateAccountView.swift */; };
		5DF5A731270107E0004BBEEA /* ExpandedCategoryView.swift in Sources */ = {isa = PBXBuildFile; fileRef = 5DF5A730270107E0004BBEEA /* ExpandedCategoryView.swift */; };
		5DF5A73B2701096E004BBEEA /* ProfilePageView.swift in Sources */ = {isa = PBXBuildFile; fileRef = 5DF5A73A2701096E004BBEEA /* ProfilePageView.swift */; };
		5DF5A73E270109AA004BBEEA /* ProfileViewRouter.swift in Sources */ = {isa = PBXBuildFile; fileRef = 5DF5A73D270109AA004BBEEA /* ProfileViewRouter.swift */; };
		5DF5A741270109B1004BBEEA /* ProfileHelper.swift in Sources */ = {isa = PBXBuildFile; fileRef = 5DF5A740270109B1004BBEEA /* ProfileHelper.swift */; };
		5DF5A744270109B4004BBEEA /* DataTile.swift in Sources */ = {isa = PBXBuildFile; fileRef = 5DF5A743270109B4004BBEEA /* DataTile.swift */; };
		5DF5A74927010FA4004BBEEA /* BottomNavigationBar.swift in Sources */ = {isa = PBXBuildFile; fileRef = 5DF5A74827010FA4004BBEEA /* BottomNavigationBar.swift */; };
		B15659AA3E3D77C9EFDD7045 /* Pods_WeShoppin.framework in Frameworks */ = {isa = PBXBuildFile; fileRef = 1C6B35853A15746C80A30734 /* Pods_WeShoppin.framework */; };
/* End PBXBuildFile section */

/* Begin PBXFileReference section */
		0FA7148C34D1535B74AFB93A /* Pods-WeShoppin.release.xcconfig */ = {isa = PBXFileReference; includeInIndex = 1; lastKnownFileType = text.xcconfig; name = "Pods-WeShoppin.release.xcconfig"; path = "Target Support Files/Pods-WeShoppin/Pods-WeShoppin.release.xcconfig"; sourceTree = "<group>"; };
		1C6B35853A15746C80A30734 /* Pods_WeShoppin.framework */ = {isa = PBXFileReference; explicitFileType = wrapper.framework; includeInIndex = 0; path = Pods_WeShoppin.framework; sourceTree = BUILT_PRODUCTS_DIR; };
		5D015B3B272A58DB0066C2BA /* GoogleService-Info.plist */ = {isa = PBXFileReference; fileEncoding = 4; lastKnownFileType = text.plist.xml; path = "GoogleService-Info.plist"; sourceTree = "<group>"; };
		5D015B3E272A5A9E0066C2BA /* AuthenticationViewModel.swift */ = {isa = PBXFileReference; lastKnownFileType = sourcecode.swift; path = AuthenticationViewModel.swift; sourceTree = "<group>"; };
		5D597EA6270BEB43004A28C0 /* NavBarViewRouter.swift */ = {isa = PBXFileReference; lastKnownFileType = sourcecode.swift; name = NavBarViewRouter.swift; path = WeShoppin/DataModels/NavBarViewRouter.swift; sourceTree = SOURCE_ROOT; };
		5D597EA9270BEE5F004A28C0 /* RootView.swift */ = {isa = PBXFileReference; lastKnownFileType = sourcecode.swift; path = RootView.swift; sourceTree = "<group>"; };
		5DF5A70D270102C7004BBEEA /* WeShoppin.app */ = {isa = PBXFileReference; explicitFileType = wrapper.application; includeInIndex = 0; path = WeShoppin.app; sourceTree = BUILT_PRODUCTS_DIR; };
		5DF5A710270102C7004BBEEA /* WeShoppinApp.swift */ = {isa = PBXFileReference; lastKnownFileType = sourcecode.swift; path = WeShoppinApp.swift; sourceTree = "<group>"; };
		5DF5A714270102CA004BBEEA /* Assets.xcassets */ = {isa = PBXFileReference; lastKnownFileType = folder.assetcatalog; path = Assets.xcassets; sourceTree = "<group>"; };
		5DF5A717270102CA004BBEEA /* Preview Assets.xcassets */ = {isa = PBXFileReference; lastKnownFileType = folder.assetcatalog; path = "Preview Assets.xcassets"; sourceTree = "<group>"; };
		5DF5A719270102CA004BBEEA /* Info.plist */ = {isa = PBXFileReference; lastKnownFileType = text.plist.xml; path = Info.plist; sourceTree = "<group>"; };
		5DF5A72127010354004BBEEA /* LoginView.swift */ = {isa = PBXFileReference; lastKnownFileType = sourcecode.swift; path = LoginView.swift; sourceTree = "<group>"; };
		5DF5A724270103AB004BBEEA /* HomeScreenView.swift */ = {isa = PBXFileReference; lastKnownFileType = sourcecode.swift; path = HomeScreenView.swift; sourceTree = "<group>"; };
		5DF5A727270103ED004BBEEA /* LiveStreamView.swift */ = {isa = PBXFileReference; lastKnownFileType = sourcecode.swift; path = LiveStreamView.swift; sourceTree = "<group>"; };
		5DF5A72A2701054B004BBEEA /* CreateAccountView.swift */ = {isa = PBXFileReference; lastKnownFileType = sourcecode.swift; path = CreateAccountView.swift; sourceTree = "<group>"; };
		5DF5A730270107E0004BBEEA /* ExpandedCategoryView.swift */ = {isa = PBXFileReference; lastKnownFileType = sourcecode.swift; path = ExpandedCategoryView.swift; sourceTree = "<group>"; };
		5DF5A73A2701096E004BBEEA /* ProfilePageView.swift */ = {isa = PBXFileReference; lastKnownFileType = sourcecode.swift; path = ProfilePageView.swift; sourceTree = "<group>"; };
		5DF5A73D270109AA004BBEEA /* ProfileViewRouter.swift */ = {isa = PBXFileReference; fileEncoding = 4; lastKnownFileType = sourcecode.swift; path = ProfileViewRouter.swift; sourceTree = "<group>"; };
		5DF5A740270109B1004BBEEA /* ProfileHelper.swift */ = {isa = PBXFileReference; fileEncoding = 4; lastKnownFileType = sourcecode.swift; path = ProfileHelper.swift; sourceTree = "<group>"; };
		5DF5A743270109B4004BBEEA /* DataTile.swift */ = {isa = PBXFileReference; fileEncoding = 4; lastKnownFileType = sourcecode.swift; path = DataTile.swift; sourceTree = "<group>"; };
		5DF5A74827010FA4004BBEEA /* BottomNavigationBar.swift */ = {isa = PBXFileReference; lastKnownFileType = sourcecode.swift; path = BottomNavigationBar.swift; sourceTree = "<group>"; };
		CF071CC562864F757665D947 /* Pods-WeShoppin.debug.xcconfig */ = {isa = PBXFileReference; includeInIndex = 1; lastKnownFileType = text.xcconfig; name = "Pods-WeShoppin.debug.xcconfig"; path = "Target Support Files/Pods-WeShoppin/Pods-WeShoppin.debug.xcconfig"; sourceTree = "<group>"; };
/* End PBXFileReference section */

/* Begin PBXFrameworksBuildPhase section */
		5DF5A70A270102C7004BBEEA /* Frameworks */ = {
			isa = PBXFrameworksBuildPhase;
			buildActionMask = 2147483647;
			files = (
				B15659AA3E3D77C9EFDD7045 /* Pods_WeShoppin.framework in Frameworks */,
			);
			runOnlyForDeploymentPostprocessing = 0;
		};
/* End PBXFrameworksBuildPhase section */

/* Begin PBXGroup section */
		5DF5A704270102C7004BBEEA = {
			isa = PBXGroup;
			children = (
				5DF5A70F270102C7004BBEEA /* WeShoppin */,
				5DF5A70E270102C7004BBEEA /* Products */,
				AF8E7CC5385D68CAFF1A2983 /* Pods */,
				606D39B6EBFEC4F087E35A2D /* Frameworks */,
			);
			sourceTree = "<group>";
		};
		5DF5A70E270102C7004BBEEA /* Products */ = {
			isa = PBXGroup;
			children = (
				5DF5A70D270102C7004BBEEA /* WeShoppin.app */,
			);
			name = Products;
			sourceTree = "<group>";
		};
		5DF5A70F270102C7004BBEEA /* WeShoppin */ = {
			isa = PBXGroup;
			children = (
				5DF5A710270102C7004BBEEA /* WeShoppinApp.swift */,
				5DF5A746270109C1004BBEEA /* DataModels */,
				5DF5A73627010855004BBEEA /* CustomUIComponents */,
				5DF5A72E27010576004BBEEA /* Views */,
				5DF5A714270102CA004BBEEA /* Assets.xcassets */,
				5D015B3B272A58DB0066C2BA /* GoogleService-Info.plist */,
				5DF5A719270102CA004BBEEA /* Info.plist */,
				5DF5A716270102CA004BBEEA /* Preview Content */,
			);
			path = WeShoppin;
			sourceTree = "<group>";
		};
		5DF5A716270102CA004BBEEA /* Preview Content */ = {
			isa = PBXGroup;
			children = (
				5DF5A717270102CA004BBEEA /* Preview Assets.xcassets */,
			);
			path = "Preview Content";
			sourceTree = "<group>";
		};
		5DF5A72E27010576004BBEEA /* Views */ = {
			isa = PBXGroup;
			children = (
				5DF5A72A2701054B004BBEEA /* CreateAccountView.swift */,
				5DF5A72127010354004BBEEA /* LoginView.swift */,
				5DF5A724270103AB004BBEEA /* HomeScreenView.swift */,
				5DF5A727270103ED004BBEEA /* LiveStreamView.swift */,
				5DF5A730270107E0004BBEEA /* ExpandedCategoryView.swift */,
				5DF5A73A2701096E004BBEEA /* ProfilePageView.swift */,
				5D597EA9270BEE5F004A28C0 /* RootView.swift */,
			);
			path = Views;
			sourceTree = "<group>";
		};
		5DF5A73627010855004BBEEA /* CustomUIComponents */ = {
			isa = PBXGroup;
			children = (
				5DF5A74827010FA4004BBEEA /* BottomNavigationBar.swift */,
				5D597EA6270BEB43004A28C0 /* NavBarViewRouter.swift */,
			);
			path = CustomUIComponents;
			sourceTree = "<group>";
		};
		5DF5A746270109C1004BBEEA /* DataModels */ = {
			isa = PBXGroup;
			children = (
				5DF5A73D270109AA004BBEEA /* ProfileViewRouter.swift */,
				5DF5A740270109B1004BBEEA /* ProfileHelper.swift */,
				5DF5A743270109B4004BBEEA /* DataTile.swift */,
				5D015B3E272A5A9E0066C2BA /* AuthenticationViewModel.swift */,
			);
			path = DataModels;
			sourceTree = "<group>";
		};
		606D39B6EBFEC4F087E35A2D /* Frameworks */ = {
			isa = PBXGroup;
			children = (
				1C6B35853A15746C80A30734 /* Pods_WeShoppin.framework */,
			);
			name = Frameworks;
			sourceTree = "<group>";
		};
		AF8E7CC5385D68CAFF1A2983 /* Pods */ = {
			isa = PBXGroup;
			children = (
				CF071CC562864F757665D947 /* Pods-WeShoppin.debug.xcconfig */,
				0FA7148C34D1535B74AFB93A /* Pods-WeShoppin.release.xcconfig */,
			);
			path = Pods;
			sourceTree = "<group>";
		};
/* End PBXGroup section */

/* Begin PBXNativeTarget section */
		5DF5A70C270102C7004BBEEA /* WeShoppin */ = {
			isa = PBXNativeTarget;
			buildConfigurationList = 5DF5A71C270102CA004BBEEA /* Build configuration list for PBXNativeTarget "WeShoppin" */;
			buildPhases = (
				D5F7C274F76AA34013D2F0F7 /* [CP] Check Pods Manifest.lock */,
				5DF5A709270102C7004BBEEA /* Sources */,
				5DF5A70A270102C7004BBEEA /* Frameworks */,
				5DF5A70B270102C7004BBEEA /* Resources */,
				282C45A176CE2810D0074698 /* [CP] Embed Pods Frameworks */,
			);
			buildRules = (
			);
			dependencies = (
			);
			name = WeShoppin;
			productName = WeShoppin;
			productReference = 5DF5A70D270102C7004BBEEA /* WeShoppin.app */;
			productType = "com.apple.product-type.application";
		};
/* End PBXNativeTarget section */

/* Begin PBXProject section */
		5DF5A705270102C7004BBEEA /* Project object */ = {
			isa = PBXProject;
			attributes = {
				LastSwiftUpdateCheck = 1230;
				LastUpgradeCheck = 1230;
				TargetAttributes = {
					5DF5A70C270102C7004BBEEA = {
						CreatedOnToolsVersion = 12.3;
					};
				};
			};
			buildConfigurationList = 5DF5A708270102C7004BBEEA /* Build configuration list for PBXProject "WeShoppin" */;
			compatibilityVersion = "Xcode 9.3";
			developmentRegion = en;
			hasScannedForEncodings = 0;
			knownRegions = (
				en,
				Base,
			);
			mainGroup = 5DF5A704270102C7004BBEEA;
			productRefGroup = 5DF5A70E270102C7004BBEEA /* Products */;
			projectDirPath = "";
			projectRoot = "";
			targets = (
				5DF5A70C270102C7004BBEEA /* WeShoppin */,
			);
		};
/* End PBXProject section */

/* Begin PBXResourcesBuildPhase section */
		5DF5A70B270102C7004BBEEA /* Resources */ = {
			isa = PBXResourcesBuildPhase;
			buildActionMask = 2147483647;
			files = (
				5DF5A718270102CA004BBEEA /* Preview Assets.xcassets in Resources */,
				5DF5A715270102CA004BBEEA /* Assets.xcassets in Resources */,
				5D015B3C272A58DB0066C2BA /* GoogleService-Info.plist in Resources */,
			);
			runOnlyForDeploymentPostprocessing = 0;
		};
/* End PBXResourcesBuildPhase section */

/* Begin PBXShellScriptBuildPhase section */
		282C45A176CE2810D0074698 /* [CP] Embed Pods Frameworks */ = {
			isa = PBXShellScriptBuildPhase;
			buildActionMask = 2147483647;
			files = (
			);
			inputFileListPaths = (
				"${PODS_ROOT}/Target Support Files/Pods-WeShoppin/Pods-WeShoppin-frameworks-${CONFIGURATION}-input-files.xcfilelist",
			);
			name = "[CP] Embed Pods Frameworks";
			outputFileListPaths = (
				"${PODS_ROOT}/Target Support Files/Pods-WeShoppin/Pods-WeShoppin-frameworks-${CONFIGURATION}-output-files.xcfilelist",
			);
			runOnlyForDeploymentPostprocessing = 0;
			shellPath = /bin/sh;
			shellScript = "\"${PODS_ROOT}/Target Support Files/Pods-WeShoppin/Pods-WeShoppin-frameworks.sh\"\n";
			showEnvVarsInLog = 0;
		};
		D5F7C274F76AA34013D2F0F7 /* [CP] Check Pods Manifest.lock */ = {
			isa = PBXShellScriptBuildPhase;
			buildActionMask = 2147483647;
			files = (
			);
			inputFileListPaths = (
			);
			inputPaths = (
				"${PODS_PODFILE_DIR_PATH}/Podfile.lock",
				"${PODS_ROOT}/Manifest.lock",
			);
			name = "[CP] Check Pods Manifest.lock";
			outputFileListPaths = (
			);
			outputPaths = (
				"$(DERIVED_FILE_DIR)/Pods-WeShoppin-checkManifestLockResult.txt",
			);
			runOnlyForDeploymentPostprocessing = 0;
			shellPath = /bin/sh;
			shellScript = "diff \"${PODS_PODFILE_DIR_PATH}/Podfile.lock\" \"${PODS_ROOT}/Manifest.lock\" > /dev/null\nif [ $? != 0 ] ; then\n    # print error to STDERR\n    echo \"error: The sandbox is not in sync with the Podfile.lock. Run 'pod install' or update your CocoaPods installation.\" >&2\n    exit 1\nfi\n# This output is used by Xcode 'outputs' to avoid re-running this script phase.\necho \"SUCCESS\" > \"${SCRIPT_OUTPUT_FILE_0}\"\n";
			showEnvVarsInLog = 0;
		};
/* End PBXShellScriptBuildPhase section */

/* Begin PBXSourcesBuildPhase section */
		5DF5A709270102C7004BBEEA /* Sources */ = {
			isa = PBXSourcesBuildPhase;
			buildActionMask = 2147483647;
			files = (
				5DF5A725270103AB004BBEEA /* HomeScreenView.swift in Sources */,
				5DF5A744270109B4004BBEEA /* DataTile.swift in Sources */,
				5D015B3F272A5A9E0066C2BA /* AuthenticationViewModel.swift in Sources */,
				5DF5A72227010354004BBEEA /* LoginView.swift in Sources */,
				5DF5A728270103ED004BBEEA /* LiveStreamView.swift in Sources */,
				5DF5A74927010FA4004BBEEA /* BottomNavigationBar.swift in Sources */,
				5DF5A711270102C7004BBEEA /* WeShoppinApp.swift in Sources */,
				5DF5A72B2701054B004BBEEA /* CreateAccountView.swift in Sources */,
				5D597EA7270BEB43004A28C0 /* NavBarViewRouter.swift in Sources */,
				5DF5A741270109B1004BBEEA /* ProfileHelper.swift in Sources */,
				5D597EAA270BEE5F004A28C0 /* RootView.swift in Sources */,
				5DF5A731270107E0004BBEEA /* ExpandedCategoryView.swift in Sources */,
				5DF5A73B2701096E004BBEEA /* ProfilePageView.swift in Sources */,
				5DF5A73E270109AA004BBEEA /* ProfileViewRouter.swift in Sources */,
			);
			runOnlyForDeploymentPostprocessing = 0;
		};
/* End PBXSourcesBuildPhase section */

/* Begin XCBuildConfiguration section */
		5DF5A71A270102CA004BBEEA /* Debug */ = {
			isa = XCBuildConfiguration;
			buildSettings = {
				ALWAYS_SEARCH_USER_PATHS = NO;
				CLANG_ANALYZER_NONNULL = YES;
				CLANG_ANALYZER_NUMBER_OBJECT_CONVERSION = YES_AGGRESSIVE;
				CLANG_CXX_LANGUAGE_STANDARD = "gnu++14";
				CLANG_CXX_LIBRARY = "libc++";
				CLANG_ENABLE_MODULES = YES;
				CLANG_ENABLE_OBJC_ARC = YES;
				CLANG_ENABLE_OBJC_WEAK = YES;
				CLANG_WARN_BLOCK_CAPTURE_AUTORELEASING = YES;
				CLANG_WARN_BOOL_CONVERSION = YES;
				CLANG_WARN_COMMA = YES;
				CLANG_WARN_CONSTANT_CONVERSION = YES;
				CLANG_WARN_DEPRECATED_OBJC_IMPLEMENTATIONS = YES;
				CLANG_WARN_DIRECT_OBJC_ISA_USAGE = YES_ERROR;
				CLANG_WARN_DOCUMENTATION_COMMENTS = YES;
				CLANG_WARN_EMPTY_BODY = YES;
				CLANG_WARN_ENUM_CONVERSION = YES;
				CLANG_WARN_INFINITE_RECURSION = YES;
				CLANG_WARN_INT_CONVERSION = YES;
				CLANG_WARN_NON_LITERAL_NULL_CONVERSION = YES;
				CLANG_WARN_OBJC_IMPLICIT_RETAIN_SELF = YES;
				CLANG_WARN_OBJC_LITERAL_CONVERSION = YES;
				CLANG_WARN_OBJC_ROOT_CLASS = YES_ERROR;
				CLANG_WARN_QUOTED_INCLUDE_IN_FRAMEWORK_HEADER = YES;
				CLANG_WARN_RANGE_LOOP_ANALYSIS = YES;
				CLANG_WARN_STRICT_PROTOTYPES = YES;
				CLANG_WARN_SUSPICIOUS_MOVE = YES;
				CLANG_WARN_UNGUARDED_AVAILABILITY = YES_AGGRESSIVE;
				CLANG_WARN_UNREACHABLE_CODE = YES;
				CLANG_WARN__DUPLICATE_METHOD_MATCH = YES;
				COPY_PHASE_STRIP = NO;
				DEBUG_INFORMATION_FORMAT = dwarf;
				ENABLE_STRICT_OBJC_MSGSEND = YES;
				ENABLE_TESTABILITY = YES;
				GCC_C_LANGUAGE_STANDARD = gnu11;
				GCC_DYNAMIC_NO_PIC = NO;
				GCC_NO_COMMON_BLOCKS = YES;
				GCC_OPTIMIZATION_LEVEL = 0;
				GCC_PREPROCESSOR_DEFINITIONS = (
					"DEBUG=1",
					"$(inherited)",
				);
				GCC_WARN_64_TO_32_BIT_CONVERSION = YES;
				GCC_WARN_ABOUT_RETURN_TYPE = YES_ERROR;
				GCC_WARN_UNDECLARED_SELECTOR = YES;
				GCC_WARN_UNINITIALIZED_AUTOS = YES_AGGRESSIVE;
				GCC_WARN_UNUSED_FUNCTION = YES;
				GCC_WARN_UNUSED_VARIABLE = YES;
				IPHONEOS_DEPLOYMENT_TARGET = 14.3;
				MTL_ENABLE_DEBUG_INFO = INCLUDE_SOURCE;
				MTL_FAST_MATH = YES;
				ONLY_ACTIVE_ARCH = YES;
				SDKROOT = iphoneos;
				SWIFT_ACTIVE_COMPILATION_CONDITIONS = DEBUG;
				SWIFT_OPTIMIZATION_LEVEL = "-Onone";
			};
			name = Debug;
		};
		5DF5A71B270102CA004BBEEA /* Release */ = {
			isa = XCBuildConfiguration;
			buildSettings = {
				ALWAYS_SEARCH_USER_PATHS = NO;
				CLANG_ANALYZER_NONNULL = YES;
				CLANG_ANALYZER_NUMBER_OBJECT_CONVERSION = YES_AGGRESSIVE;
				CLANG_CXX_LANGUAGE_STANDARD = "gnu++14";
				CLANG_CXX_LIBRARY = "libc++";
				CLANG_ENABLE_MODULES = YES;
				CLANG_ENABLE_OBJC_ARC = YES;
				CLANG_ENABLE_OBJC_WEAK = YES;
				CLANG_WARN_BLOCK_CAPTURE_AUTORELEASING = YES;
				CLANG_WARN_BOOL_CONVERSION = YES;
				CLANG_WARN_COMMA = YES;
				CLANG_WARN_CONSTANT_CONVERSION = YES;
				CLANG_WARN_DEPRECATED_OBJC_IMPLEMENTATIONS = YES;
				CLANG_WARN_DIRECT_OBJC_ISA_USAGE = YES_ERROR;
				CLANG_WARN_DOCUMENTATION_COMMENTS = YES;
				CLANG_WARN_EMPTY_BODY = YES;
				CLANG_WARN_ENUM_CONVERSION = YES;
				CLANG_WARN_INFINITE_RECURSION = YES;
				CLANG_WARN_INT_CONVERSION = YES;
				CLANG_WARN_NON_LITERAL_NULL_CONVERSION = YES;
				CLANG_WARN_OBJC_IMPLICIT_RETAIN_SELF = YES;
				CLANG_WARN_OBJC_LITERAL_CONVERSION = YES;
				CLANG_WARN_OBJC_ROOT_CLASS = YES_ERROR;
				CLANG_WARN_QUOTED_INCLUDE_IN_FRAMEWORK_HEADER = YES;
				CLANG_WARN_RANGE_LOOP_ANALYSIS = YES;
				CLANG_WARN_STRICT_PROTOTYPES = YES;
				CLANG_WARN_SUSPICIOUS_MOVE = YES;
				CLANG_WARN_UNGUARDED_AVAILABILITY = YES_AGGRESSIVE;
				CLANG_WARN_UNREACHABLE_CODE = YES;
				CLANG_WARN__DUPLICATE_METHOD_MATCH = YES;
				COPY_PHASE_STRIP = NO;
				DEBUG_INFORMATION_FORMAT = "dwarf-with-dsym";
				ENABLE_NS_ASSERTIONS = NO;
				ENABLE_STRICT_OBJC_MSGSEND = YES;
				GCC_C_LANGUAGE_STANDARD = gnu11;
				GCC_NO_COMMON_BLOCKS = YES;
				GCC_WARN_64_TO_32_BIT_CONVERSION = YES;
				GCC_WARN_ABOUT_RETURN_TYPE = YES_ERROR;
				GCC_WARN_UNDECLARED_SELECTOR = YES;
				GCC_WARN_UNINITIALIZED_AUTOS = YES_AGGRESSIVE;
				GCC_WARN_UNUSED_FUNCTION = YES;
				GCC_WARN_UNUSED_VARIABLE = YES;
				IPHONEOS_DEPLOYMENT_TARGET = 14.3;
				MTL_ENABLE_DEBUG_INFO = NO;
				MTL_FAST_MATH = YES;
				SDKROOT = iphoneos;
				SWIFT_COMPILATION_MODE = wholemodule;
				SWIFT_OPTIMIZATION_LEVEL = "-O";
				VALIDATE_PRODUCT = YES;
			};
			name = Release;
		};
		5DF5A71D270102CA004BBEEA /* Debug */ = {
			isa = XCBuildConfiguration;
			baseConfigurationReference = CF071CC562864F757665D947 /* Pods-WeShoppin.debug.xcconfig */;
			buildSettings = {
				ASSETCATALOG_COMPILER_APPICON_NAME = AppIcon;
				ASSETCATALOG_COMPILER_GLOBAL_ACCENT_COLOR_NAME = AccentColor;
				CODE_SIGN_STYLE = Automatic;
				DEVELOPMENT_ASSET_PATHS = "\"WeShoppin/Preview Content\"";
				ENABLE_PREVIEWS = YES;
				INFOPLIST_FILE = WeShoppin/Info.plist;
				IPHONEOS_DEPLOYMENT_TARGET = 14.0;
				LD_RUNPATH_SEARCH_PATHS = (
					"$(inherited)",
					"@executable_path/Frameworks",
				);
				PRODUCT_BUNDLE_IDENTIFIER = Dhivak.WeShoppin;
				PRODUCT_NAME = "$(TARGET_NAME)";
				SWIFT_VERSION = 5.0;
				TARGETED_DEVICE_FAMILY = "1,2";
			};
			name = Debug;
		};
		5DF5A71E270102CA004BBEEA /* Release */ = {
			isa = XCBuildConfiguration;
			baseConfigurationReference = 0FA7148C34D1535B74AFB93A /* Pods-WeShoppin.release.xcconfig */;
			buildSettings = {
				ASSETCATALOG_COMPILER_APPICON_NAME = AppIcon;
				ASSETCATALOG_COMPILER_GLOBAL_ACCENT_COLOR_NAME = AccentColor;
				CODE_SIGN_STYLE = Automatic;
				DEVELOPMENT_ASSET_PATHS = "\"WeShoppin/Preview Content\"";
				ENABLE_PREVIEWS = YES;
				INFOPLIST_FILE = WeShoppin/Info.plist;
				IPHONEOS_DEPLOYMENT_TARGET = 14.0;
				LD_RUNPATH_SEARCH_PATHS = (
					"$(inherited)",
					"@executable_path/Frameworks",
				);
				PRODUCT_BUNDLE_IDENTIFIER = Dhivak.WeShoppin;
				PRODUCT_NAME = "$(TARGET_NAME)";
				SWIFT_VERSION = 5.0;
				TARGETED_DEVICE_FAMILY = "1,2";
			};
			name = Release;
		};
/* End XCBuildConfiguration section */

/* Begin XCConfigurationList section */
		5DF5A708270102C7004BBEEA /* Build configuration list for PBXProject "WeShoppin" */ = {
			isa = XCConfigurationList;
			buildConfigurations = (
				5DF5A71A270102CA004BBEEA /* Debug */,
				5DF5A71B270102CA004BBEEA /* Release */,
			);
			defaultConfigurationIsVisible = 0;
			defaultConfigurationName = Release;
		};
		5DF5A71C270102CA004BBEEA /* Build configuration list for PBXNativeTarget "WeShoppin" */ = {
			isa = XCConfigurationList;
			buildConfigurations = (
				5DF5A71D270102CA004BBEEA /* Debug */,
				5DF5A71E270102CA004BBEEA /* Release */,
			);
			defaultConfigurationIsVisible = 0;
			defaultConfigurationName = Release;
		};
/* End XCConfigurationList section */
	};
	rootObject = 5DF5A705270102C7004BBEEA /* Project object */;
}
